
Microsoft Visual Studio Solution File, Format Version 12.00
# Visual Studio Version 17
VisualStudioVersion = 17.5.002.0
MinimumVisualStudioVersion = 10.0.40219.1
Project("{9A19103F-16F7-4668-BE54-9A1E7A4F7556}") = "RegistryChanger", "RegistryChanger.csproj", "{7B41F665-4399-4B15-B141-C5477EBEB59D}"
EndProject
Global
	GlobalSection(SolutionConfigurationPlatforms) = preSolution
		Debug|Any CPU = Debug|Any CPU
		Release|Any CPU = Release|Any CPU
	EndGlobalSection
	GlobalSection(ProjectConfigurationPlatforms) = postSolution
		{7B41F665-4399-4B15-B141-C5477EBEB59D}.Debug|Any CPU.ActiveCfg = Debug|Any CPU
		{7B41F665-4399-4B15-B141-C5477EBEB59D}.Debug|Any CPU.Build.0 = Debug|Any CPU
		{7B41F665-4399-4B15-B141-C5477EBEB59D}.Release|Any CPU.ActiveCfg = Release|Any CPU
		{7B41F665-4399-4B15-B141-C5477EBEB59D}.Release|Any CPU.Build.0 = Release|Any CPU
	EndGlobalSection
	GlobalSection(SolutionProperties) = preSolution
		HideSolutionNode = FALSE
	EndGlobalSection
	GlobalSection(ExtensibilityGlobals) = postSolution
		SolutionGuid = {BB551EB0-5E0B-4B79-8DD7-EB6D9A93EE0A}
	EndGlobalSection
EndGlobal
